
Microsoft Visual Studio Solution File, Format Version 12.00
# Visual Studio Version 17
VisualStudioVersion = 17.10.35004.147
MinimumVisualStudioVersion = 10.0.40219.1
Project("{FAE04EC0-301F-11D3-BF4B-00C04F79EFBC}") = "Quanlytiennuoc", "Quanlytiennuoc.csproj", "{BAF0DA87-31BC-4612-A9E2-FE806686FED5}"
EndProject
Global
	GlobalSection(SolutionConfigurationPlatforms) = preSolution
		Debug|Any CPU = Debug|Any CPU
		Release|Any CPU = Release|Any CPU
	EndGlobalSection
	GlobalSection(ProjectConfigurationPlatforms) = postSolution
		{BAF0DA87-31BC-4612-A9E2-FE806686FED5}.Debug|Any CPU.ActiveCfg = Debug|Any CPU
		{BAF0DA87-31BC-4612-A9E2-FE806686FED5}.Debug|Any CPU.Build.0 = Debug|Any CPU
		{BAF0DA87-31BC-4612-A9E2-FE806686FED5}.Release|Any CPU.ActiveCfg = Release|Any CPU
		{BAF0DA87-31BC-4612-A9E2-FE806686FED5}.Release|Any CPU.Build.0 = Release|Any CPU
	EndGlobalSection
	GlobalSection(SolutionProperties) = preSolution
		HideSolutionNode = FALSE
	EndGlobalSection
	GlobalSection(ExtensibilityGlobals) = postSolution
		SolutionGuid = {4F25C68B-E63F-4919-B293-9DD007665E07}
	EndGlobalSection
EndGlobal
